
Microsoft Visual Studio Solution File, Format Version 12.00
# Visual Studio 2013
VisualStudioVersion = 12.0.21005.1
MinimumVisualStudioVersion = 10.0.40219.1
Project("{8BC9CEB8-8B4A-11D0-8D11-00A0C91BC942}") = "CompEngine", "CompEngine\CompEngine.vcxproj", "{68909D3C-FE98-4A51-88DC-8C4781A59FA0}"
EndProject
Project("{8BC9CEB8-8B4A-11D0-8D11-00A0C91BC942}") = "Source", "Source\Source.vcxproj", "{2571935B-2AFE-43F0-B118-78303993C96D}"
EndProject
Project("{8BC9CEB8-8B4A-11D0-8D11-00A0C91BC942}") = "test", "test\test.vcxproj", "{860CDB23-8B66-4B4F-9137-9F963A7A99D7}"
EndProject
Global
	GlobalSection(SolutionConfigurationPlatforms) = preSolution
		Debug|Win32 = Debug|Win32
		Release|Win32 = Release|Win32
	EndGlobalSection
	GlobalSection(ProjectConfigurationPlatforms) = postSolution
		{68909D3C-FE98-4A51-88DC-8C4781A59FA0}.Debug|Win32.ActiveCfg = Debug|Win32
		{68909D3C-FE98-4A51-88DC-8C4781A59FA0}.Debug|Win32.Build.0 = Debug|Win32
		{68909D3C-FE98-4A51-88DC-8C4781A59FA0}.Release|Win32.ActiveCfg = Release|Win32
		{68909D3C-FE98-4A51-88DC-8C4781A59FA0}.Release|Win32.Build.0 = Release|Win32
		{2571935B-2AFE-43F0-B118-78303993C96D}.Debug|Win32.ActiveCfg = Debug|Win32
		{2571935B-2AFE-43F0-B118-78303993C96D}.Debug|Win32.Build.0 = Debug|Win32
		{2571935B-2AFE-43F0-B118-78303993C96D}.Release|Win32.ActiveCfg = Release|Win32
		{2571935B-2AFE-43F0-B118-78303993C96D}.Release|Win32.Build.0 = Release|Win32
		{860CDB23-8B66-4B4F-9137-9F963A7A99D7}.Debug|Win32.ActiveCfg = Debug|Win32
		{860CDB23-8B66-4B4F-9137-9F963A7A99D7}.Debug|Win32.Build.0 = Debug|Win32
		{860CDB23-8B66-4B4F-9137-9F963A7A99D7}.Release|Win32.ActiveCfg = Release|Win32
		{860CDB23-8B66-4B4F-9137-9F963A7A99D7}.Release|Win32.Build.0 = Release|Win32
	EndGlobalSection
	GlobalSection(SolutionProperties) = preSolution
		HideSolutionNode = FALSE
	EndGlobalSection
EndGlobal
